
Microsoft Visual Studio Solution File, Format Version 12.00
# Visual Studio Version 17
VisualStudioVersion = 17.9.34902.65
MinimumVisualStudioVersion = 10.0.40219.1
Project("{FAE04EC0-301F-11D3-BF4B-00C04F79EFBC}") = "FlowDiscord", "FlowDiscord.csproj", "{40C36BC2-0F06-4744-A318-1DC856048E3B}"
EndProject
Global
	GlobalSection(SolutionConfigurationPlatforms) = preSolution
		Debug|Any CPU = Debug|Any CPU
		Release|Any CPU = Release|Any CPU
	EndGlobalSection
	GlobalSection(ProjectConfigurationPlatforms) = postSolution
		{40C36BC2-0F06-4744-A318-1DC856048E3B}.Debug|Any CPU.ActiveCfg = Debug|Any CPU
		{40C36BC2-0F06-4744-A318-1DC856048E3B}.Debug|Any CPU.Build.0 = Debug|Any CPU
		{40C36BC2-0F06-4744-A318-1DC856048E3B}.Release|Any CPU.ActiveCfg = Release|Any CPU
		{40C36BC2-0F06-4744-A318-1DC856048E3B}.Release|Any CPU.Build.0 = Release|Any CPU
	EndGlobalSection
	GlobalSection(SolutionProperties) = preSolution
		HideSolutionNode = FALSE
	EndGlobalSection
	GlobalSection(ExtensibilityGlobals) = postSolution
		SolutionGuid = {6F621089-2C0C-484D-BCC5-B6D2A975E620}
	EndGlobalSection
EndGlobal
